
Microsoft Visual Studio Solution File, Format Version 12.00
# Visual Studio Version 16
VisualStudioVersion = 16.0.31515.178
MinimumVisualStudioVersion = 10.0.40219.1
Project("{FAE04EC0-301F-11D3-BF4B-00C04F79EFBC}") = "Library", "lib\Library\Library.csproj", "{D156D6D9-9E75-4484-920A-04D7E743A32B}"
EndProject
Project("{FAE04EC0-301F-11D3-BF4B-00C04F79EFBC}") = "Test", "Test\Test.csproj", "{A02A16E1-A741-4626-95AC-509CCE42E1AB}"
EndProject
Global
	GlobalSection(SolutionConfigurationPlatforms) = preSolution
		Debug|Any CPU = Debug|Any CPU
		Release|Any CPU = Release|Any CPU
	EndGlobalSection
	GlobalSection(ProjectConfigurationPlatforms) = postSolution
		{D156D6D9-9E75-4484-920A-04D7E743A32B}.Debug|Any CPU.ActiveCfg = Debug|Any CPU
		{D156D6D9-9E75-4484-920A-04D7E743A32B}.Debug|Any CPU.Build.0 = Debug|Any CPU
		{D156D6D9-9E75-4484-920A-04D7E743A32B}.Release|Any CPU.ActiveCfg = Release|Any CPU
		{D156D6D9-9E75-4484-920A-04D7E743A32B}.Release|Any CPU.Build.0 = Release|Any CPU
		{A02A16E1-A741-4626-95AC-509CCE42E1AB}.Debug|Any CPU.ActiveCfg = Debug|Any CPU
		{A02A16E1-A741-4626-95AC-509CCE42E1AB}.Debug|Any CPU.Build.0 = Debug|Any CPU
		{A02A16E1-A741-4626-95AC-509CCE42E1AB}.Release|Any CPU.ActiveCfg = Release|Any CPU
		{A02A16E1-A741-4626-95AC-509CCE42E1AB}.Release|Any CPU.Build.0 = Release|Any CPU
	EndGlobalSection
	GlobalSection(SolutionProperties) = preSolution
		HideSolutionNode = FALSE
	EndGlobalSection
	GlobalSection(ExtensibilityGlobals) = postSolution
		SolutionGuid = {D87B0918-971A-41A8-99D1-B2C276DFBEA4}
	EndGlobalSection
EndGlobal
